// !$*UTF8*$!
{
	archiveVersion = 1;
	classes = {
	};
	objectVersion = 46;
	objects = {

/* Begin PBXBuildFile section */
		2440526D1390315D00515ADE /* UIKit.framework in Frameworks */ = {isa = PBXBuildFile; fileRef = 2440526C1390315D00515ADE /* UIKit.framework */; };
		2440526F1390315D00515ADE /* Foundation.framework in Frameworks */ = {isa = PBXBuildFile; fileRef = 2440526E1390315D00515ADE /* Foundation.framework */; };
		244052711390315D00515ADE /* CoreGraphics.framework in Frameworks */ = {isa = PBXBuildFile; fileRef = 244052701390315D00515ADE /* CoreGraphics.framework */; };
		244052731390315D00515ADE /* CoreData.framework in Frameworks */ = {isa = PBXBuildFile; fileRef = 244052721390315D00515ADE /* CoreData.framework */; };
		244052791390315D00515ADE /* InfoPlist.strings in Resources */ = {isa = PBXBuildFile; fileRef = 244052771390315D00515ADE /* InfoPlist.strings */; };
		2440527C1390315D00515ADE /* main.m in Sources */ = {isa = PBXBuildFile; fileRef = 2440527B1390315D00515ADE /* main.m */; };
		2440527F1390315D00515ADE /* DCTFetchedResultsSearchControllerAppDelegate.m in Sources */ = {isa = PBXBuildFile; fileRef = 2440527E1390315D00515ADE /* DCTFetchedResultsSearchControllerAppDelegate.m */; };
		244052821390315D00515ADE /* MainWindow.xib in Resources */ = {isa = PBXBuildFile; fileRef = 244052801390315D00515ADE /* MainWindow.xib */; };
		2480DAC913904EEC00DEE726 /* Address.m in Sources */ = {isa = PBXBuildFile; fileRef = 2480DAAB13904EEC00DEE726 /* Address.m */; settings = {COMPILER_FLAGS = "-fno-objc-arc"; }; };
		2480DACA13904EEC00DEE726 /* Person.m in Sources */ = {isa = PBXBuildFile; fileRef = 2480DAAD13904EEC00DEE726 /* Person.m */; settings = {COMPILER_FLAGS = "-fno-objc-arc"; }; };
		2480DACB13904EEC00DEE726 /* SampleCoreData.sqlite in Resources */ = {isa = PBXBuildFile; fileRef = 2480DAAE13904EEC00DEE726 /* SampleCoreData.sqlite */; };
		2480DACC13904EEC00DEE726 /* SampleCoreData.xcdatamodeld in Sources */ = {isa = PBXBuildFile; fileRef = 2480DAAF13904EEC00DEE726 /* SampleCoreData.xcdatamodeld */; };
		24D7048F1391363E008781F6 /* DCTFetchedResultsSearchControllerTestViewController.m in Sources */ = {isa = PBXBuildFile; fileRef = 24D7048D1391363E008781F6 /* DCTFetchedResultsSearchControllerTestViewController.m */; };
		24D704901391363E008781F6 /* DCTFetchedResultsSearchControllerTestViewController.xib in Resources */ = {isa = PBXBuildFile; fileRef = 24D7048E1391363E008781F6 /* DCTFetchedResultsSearchControllerTestViewController.xib */; };
		24E53B231467EA600029489E /* DCTFetchedResultsSearchController.m in Sources */ = {isa = PBXBuildFile; fileRef = 24E53B211467EA600029489E /* DCTFetchedResultsSearchController.m */; };
		24E53B3C1467EB070029489E /* FRCCollapsableSectionTableViewDataSource.m in Sources */ = {isa = PBXBuildFile; fileRef = 24E53B271467EB070029489E /* FRCCollapsableSectionTableViewDataSource.m */; };
		24E53B3D1467EB070029489E /* FRCFetchedResultsTableViewDataSource.m in Sources */ = {isa = PBXBuildFile; fileRef = 24E53B291467EB070029489E /* FRCFetchedResultsTableViewDataSource.m */; };
		24E53B3E1467EB070029489E /* FRCObjectTableViewDataSource.m in Sources */ = {isa = PBXBuildFile; fileRef = 24E53B2B1467EB070029489E /* FRCObjectTableViewDataSource.m */; };
		24E53B3F1467EB070029489E /* FRCParentTableViewDataSource.m in Sources */ = {isa = PBXBuildFile; fileRef = 24E53B2D1467EB070029489E /* FRCParentTableViewDataSource.m */; };
		24E53B401467EB070029489E /* FRCSplitTableViewDataSource.m in Sources */ = {isa = PBXBuildFile; fileRef = 24E53B2F1467EB070029489E /* FRCSplitTableViewDataSource.m */; };
		24E53B411467EB070029489E /* FRCTableViewCell.m in Sources */ = {isa = PBXBuildFile; fileRef = 24E53B311467EB070029489E /* FRCTableViewCell.m */; };
		24E53B421467EB070029489E /* FRCTableViewDataSource.m in Sources */ = {isa = PBXBuildFile; fileRef = 24E53B331467EB070029489E /* FRCTableViewDataSource.m */; };
		24E53B431467EB070029489E /* FRCCollapsableSectionTableViewDataSourceDisclosureIndicator.png in Resources */ = {isa = PBXBuildFile; fileRef = 24E53B351467EB070029489E /* FRCCollapsableSectionTableViewDataSourceDisclosureIndicator.png */; };
		24E53B441467EB070029489E /* FRCCollapsableSectionTableViewDataSourceDisclosureIndicator@2x.png in Resources */ = {isa = PBXBuildFile; fileRef = 24E53B361467EB070029489E /* FRCCollapsableSectionTableViewDataSourceDisclosureIndicator@2x.png */; };
		24E53B451467EB070029489E /* FRCCollapsableSectionTableViewDataSourceDisclosureIndicatorHighlighted.png in Resources */ = {isa = PBXBuildFile; fileRef = 24E53B371467EB070029489E /* FRCCollapsableSectionTableViewDataSourceDisclosureIndicatorHighlighted.png */; };
		24E53B461467EB070029489E /* FRCCollapsableSectionTableViewDataSourceDisclosureIndicatorHighlighted@2x.png in Resources */ = {isa = PBXBuildFile; fileRef = 24E53B381467EB070029489E /* FRCCollapsableSectionTableViewDataSourceDisclosureIndicatorHighlighted@2x.png */; };
		24E53B481467EB070029489E /* UITableView+FRCTableViewDataSources.m in Sources */ = {isa = PBXBuildFile; fileRef = 24E53B3B1467EB070029489E /* UITableView+FRCTableViewDataSources.m */; };
		24E53B4A1467EE6B0029489E /* QuartzCore.framework in Frameworks */ = {isa = PBXBuildFile; fileRef = 24E53B491467EE6B0029489E /* QuartzCore.framework */; };
/* End PBXBuildFile section */

/* Begin PBXFileReference section */
		244052681390315D00515ADE /* DCTFetchedResultsSearchController.app */ = {isa = PBXFileReference; explicitFileType = wrapper.application; includeInIndex = 0; path = DCTFetchedResultsSearchController.app; sourceTree = BUILT_PRODUCTS_DIR; };
		2440526C1390315D00515ADE /* UIKit.framework */ = {isa = PBXFileReference; lastKnownFileType = wrapper.framework; name = UIKit.framework; path = System/Library/Frameworks/UIKit.framework; sourceTree = SDKROOT; };
		2440526E1390315D00515ADE /* Foundation.framework */ = {isa = PBXFileReference; lastKnownFileType = wrapper.framework; name = Foundation.framework; path = System/Library/Frameworks/Foundation.framework; sourceTree = SDKROOT; };
		244052701390315D00515ADE /* CoreGraphics.framework */ = {isa = PBXFileReference; lastKnownFileType = wrapper.framework; name = CoreGraphics.framework; path = System/Library/Frameworks/CoreGraphics.framework; sourceTree = SDKROOT; };
		244052721390315D00515ADE /* CoreData.framework */ = {isa = PBXFileReference; lastKnownFileType = wrapper.framework; name = CoreData.framework; path = System/Library/Frameworks/CoreData.framework; sourceTree = SDKROOT; };
		244052761390315D00515ADE /* DCTFetchedResultsSearchController-Info.plist */ = {isa = PBXFileReference; lastKnownFileType = text.plist.xml; path = "DCTFetchedResultsSearchController-Info.plist"; sourceTree = "<group>"; };
		244052781390315D00515ADE /* en */ = {isa = PBXFileReference; lastKnownFileType = text.plist.strings; name = en; path = en.lproj/InfoPlist.strings; sourceTree = "<group>"; };
		2440527A1390315D00515ADE /* DCTFetchedResultsSearchController-Prefix.pch */ = {isa = PBXFileReference; lastKnownFileType = sourcecode.c.h; path = "DCTFetchedResultsSearchController-Prefix.pch"; sourceTree = "<group>"; };
		2440527B1390315D00515ADE /* main.m */ = {isa = PBXFileReference; lastKnownFileType = sourcecode.c.objc; path = main.m; sourceTree = "<group>"; };
		2440527D1390315D00515ADE /* DCTFetchedResultsSearchControllerAppDelegate.h */ = {isa = PBXFileReference; lastKnownFileType = sourcecode.c.h; path = DCTFetchedResultsSearchControllerAppDelegate.h; sourceTree = "<group>"; };
		2440527E1390315D00515ADE /* DCTFetchedResultsSearchControllerAppDelegate.m */ = {isa = PBXFileReference; lastKnownFileType = sourcecode.c.objc; path = DCTFetchedResultsSearchControllerAppDelegate.m; sourceTree = "<group>"; };
		244052811390315D00515ADE /* en */ = {isa = PBXFileReference; lastKnownFileType = file.xib; name = en; path = en.lproj/MainWindow.xib; sourceTree = "<group>"; };
		2480DAAA13904EEC00DEE726 /* Address.h */ = {isa = PBXFileReference; fileEncoding = 4; lastKnownFileType = sourcecode.c.h; path = Address.h; sourceTree = "<group>"; };
		2480DAAB13904EEC00DEE726 /* Address.m */ = {isa = PBXFileReference; fileEncoding = 4; lastKnownFileType = sourcecode.c.objc; path = Address.m; sourceTree = "<group>"; };
		2480DAAC13904EEC00DEE726 /* Person.h */ = {isa = PBXFileReference; fileEncoding = 4; lastKnownFileType = sourcecode.c.h; path = Person.h; sourceTree = "<group>"; };
		2480DAAD13904EEC00DEE726 /* Person.m */ = {isa = PBXFileReference; fileEncoding = 4; lastKnownFileType = sourcecode.c.objc; path = Person.m; sourceTree = "<group>"; };
		2480DAAE13904EEC00DEE726 /* SampleCoreData.sqlite */ = {isa = PBXFileReference; lastKnownFileType = file; path = SampleCoreData.sqlite; sourceTree = "<group>"; };
		2480DAB013904EEC00DEE726 /* SampleCoreData.xcdatamodel */ = {isa = PBXFileReference; lastKnownFileType = wrapper.xcdatamodel; path = SampleCoreData.xcdatamodel; sourceTree = "<group>"; };
		24D7048C1391363E008781F6 /* DCTFetchedResultsSearchControllerTestViewController.h */ = {isa = PBXFileReference; fileEncoding = 4; lastKnownFileType = sourcecode.c.h; path = DCTFetchedResultsSearchControllerTestViewController.h; sourceTree = "<group>"; };
		24D7048D1391363E008781F6 /* DCTFetchedResultsSearchControllerTestViewController.m */ = {isa = PBXFileReference; fileEncoding = 4; lastKnownFileType = sourcecode.c.objc; path = DCTFetchedResultsSearchControllerTestViewController.m; sourceTree = "<group>"; };
		24D7048E1391363E008781F6 /* DCTFetchedResultsSearchControllerTestViewController.xib */ = {isa = PBXFileReference; fileEncoding = 4; lastKnownFileType = file.xib; path = DCTFetchedResultsSearchControllerTestViewController.xib; sourceTree = "<group>"; };
		24E53B201467EA600029489E /* DCTFetchedResultsSearchController.h */ = {isa = PBXFileReference; fileEncoding = 4; lastKnownFileType = sourcecode.c.h; path = DCTFetchedResultsSearchController.h; sourceTree = "<group>"; };
		24E53B211467EA600029489E /* DCTFetchedResultsSearchController.m */ = {isa = PBXFileReference; fileEncoding = 4; lastKnownFileType = sourcecode.c.objc; path = DCTFetchedResultsSearchController.m; sourceTree = "<group>"; };
		24E53B221467EA600029489E /* Readme.textile */ = {isa = PBXFileReference; fileEncoding = 4; lastKnownFileType = text; path = Readme.textile; sourceTree = "<group>"; };
		24E53B261467EB070029489E /* FRCCollapsableSectionTableViewDataSource.h */ = {isa = PBXFileReference; fileEncoding = 4; lastKnownFileType = sourcecode.c.h; path = FRCCollapsableSectionTableViewDataSource.h; sourceTree = "<group>"; };
		24E53B271467EB070029489E /* FRCCollapsableSectionTableViewDataSource.m */ = {isa = PBXFileReference; fileEncoding = 4; lastKnownFileType = sourcecode.c.objc; path = FRCCollapsableSectionTableViewDataSource.m; sourceTree = "<group>"; };
		24E53B281467EB070029489E /* FRCFetchedResultsTableViewDataSource.h */ = {isa = PBXFileReference; fileEncoding = 4; lastKnownFileType = sourcecode.c.h; path = FRCFetchedResultsTableViewDataSource.h; sourceTree = "<group>"; };
		24E53B291467EB070029489E /* FRCFetchedResultsTableViewDataSource.m */ = {isa = PBXFileReference; fileEncoding = 4; lastKnownFileType = sourcecode.c.objc; path = FRCFetchedResultsTableViewDataSource.m; sourceTree = "<group>"; };
		24E53B2A1467EB070029489E /* FRCObjectTableViewDataSource.h */ = {isa = PBXFileReference; fileEncoding = 4; lastKnownFileType = sourcecode.c.h; path = FRCObjectTableViewDataSource.h; sourceTree = "<group>"; };
		24E53B2B1467EB070029489E /* FRCObjectTableViewDataSource.m */ = {isa = PBXFileReference; fileEncoding = 4; lastKnownFileType = sourcecode.c.objc; path = FRCObjectTableViewDataSource.m; sourceTree = "<group>"; };
		24E53B2C1467EB070029489E /* FRCParentTableViewDataSource.h */ = {isa = PBXFileReference; fileEncoding = 4; lastKnownFileType = sourcecode.c.h; path = FRCParentTableViewDataSource.h; sourceTree = "<group>"; };
		24E53B2D1467EB070029489E /* FRCParentTableViewDataSource.m */ = {isa = PBXFileReference; fileEncoding = 4; lastKnownFileType = sourcecode.c.objc; path = FRCParentTableViewDataSource.m; sourceTree = "<group>"; };
		24E53B2E1467EB070029489E /* FRCSplitTableViewDataSource.h */ = {isa = PBXFileReference; fileEncoding = 4; lastKnownFileType = sourcecode.c.h; path = FRCSplitTableViewDataSource.h; sourceTree = "<group>"; };
		24E53B2F1467EB070029489E /* FRCSplitTableViewDataSource.m */ = {isa = PBXFileReference; fileEncoding = 4; lastKnownFileType = sourcecode.c.objc; path = FRCSplitTableViewDataSource.m; sourceTree = "<group>"; };
		24E53B301467EB070029489E /* FRCTableViewCell.h */ = {isa = PBXFileReference; fileEncoding = 4; lastKnownFileType = sourcecode.c.h; path = FRCTableViewCell.h; sourceTree = "<group>"; };
		24E53B311467EB070029489E /* FRCTableViewCell.m */ = {isa = PBXFileReference; fileEncoding = 4; lastKnownFileType = sourcecode.c.objc; path = FRCTableViewCell.m; sourceTree = "<group>"; };
		24E53B321467EB070029489E /* FRCTableViewDataSource.h */ = {isa = PBXFileReference; fileEncoding = 4; lastKnownFileType = sourcecode.c.h; path = FRCTableViewDataSource.h; sourceTree = "<group>"; };
		24E53B331467EB070029489E /* FRCTableViewDataSource.m */ = {isa = PBXFileReference; fileEncoding = 4; lastKnownFileType = sourcecode.c.objc; path = FRCTableViewDataSource.m; sourceTree = "<group>"; };
		24E53B351467EB070029489E /* FRCCollapsableSectionTableViewDataSourceDisclosureIndicator.png */ = {isa = PBXFileReference; lastKnownFileType = image.png; path = FRCCollapsableSectionTableViewDataSourceDisclosureIndicator.png; sourceTree = "<group>"; };
		24E53B361467EB070029489E /* FRCCollapsableSectionTableViewDataSourceDisclosureIndicator@2x.png */ = {isa = PBXFileReference; lastKnownFileType = image.png; path = "FRCCollapsableSectionTableViewDataSourceDisclosureIndicator@2x.png"; sourceTree = "<group>"; };
		24E53B371467EB070029489E /* FRCCollapsableSectionTableViewDataSourceDisclosureIndicatorHighlighted.png */ = {isa = PBXFileReference; lastKnownFileType = image.png; path = FRCCollapsableSectionTableViewDataSourceDisclosureIndicatorHighlighted.png; sourceTree = "<group>"; };
		24E53B381467EB070029489E /* FRCCollapsableSectionTableViewDataSourceDisclosureIndicatorHighlighted@2x.png */ = {isa = PBXFileReference; lastKnownFileType = image.png; path = "FRCCollapsableSectionTableViewDataSourceDisclosureIndicatorHighlighted@2x.png"; sourceTree = "<group>"; };
		24E53B391467EB070029489E /* Readme.textile */ = {isa = PBXFileReference; fileEncoding = 4; lastKnownFileType = text; path = Readme.textile; sourceTree = "<group>"; };
		24E53B3A1467EB070029489E /* UITableView+FRCTableViewDataSources.h */ = {isa = PBXFileReference; fileEncoding = 4; lastKnownFileType = sourcecode.c.h; path = "UITableView+FRCTableViewDataSources.h"; sourceTree = "<group>"; };
		24E53B3B1467EB070029489E /* UITableView+FRCTableViewDataSources.m */ = {isa = PBXFileReference; fileEncoding = 4; lastKnownFileType = sourcecode.c.objc; path = "UITableView+FRCTableViewDataSources.m"; sourceTree = "<group>"; };
		24E53B491467EE6B0029489E /* QuartzCore.framework */ = {isa = PBXFileReference; lastKnownFileType = wrapper.framework; name = QuartzCore.framework; path = System/Library/Frameworks/QuartzCore.framework; sourceTree = SDKROOT; };
/* End PBXFileReference section */

/* Begin PBXFrameworksBuildPhase section */
		244052651390315D00515ADE /* Frameworks */ = {
			isa = PBXFrameworksBuildPhase;
			buildActionMask = 2147483647;
			files = (
				24E53B4A1467EE6B0029489E /* QuartzCore.framework in Frameworks */,
				2440526D1390315D00515ADE /* UIKit.framework in Frameworks */,
				2440526F1390315D00515ADE /* Foundation.framework in Frameworks */,
				244052711390315D00515ADE /* CoreGraphics.framework in Frameworks */,
				244052731390315D00515ADE /* CoreData.framework in Frameworks */,
			);
			runOnlyForDeploymentPostprocessing = 0;
		};
/* End PBXFrameworksBuildPhase section */

/* Begin PBXGroup section */
		2440525D1390315D00515ADE = {
			isa = PBXGroup;
			children = (
				24E53B251467EB070029489E /* FRCTableViewDataSources */,
				24E53B1F1467EA600029489E /* DCTFetchedResultsSearchController */,
				2480DA8213904EEC00DEE726 /* SampleCoreData */,
				244052741390315D00515ADE /* DCTFetchedResultsSearchControllerDemo */,
				2440526B1390315D00515ADE /* Frameworks */,
				244052691390315D00515ADE /* Products */,
			);
			sourceTree = "<group>";
		};
		244052691390315D00515ADE /* Products */ = {
			isa = PBXGroup;
			children = (
				244052681390315D00515ADE /* DCTFetchedResultsSearchController.app */,
			);
			name = Products;
			sourceTree = "<group>";
		};
		2440526B1390315D00515ADE /* Frameworks */ = {
			isa = PBXGroup;
			children = (
				24E53B491467EE6B0029489E /* QuartzCore.framework */,
				2440526C1390315D00515ADE /* UIKit.framework */,
				2440526E1390315D00515ADE /* Foundation.framework */,
				244052701390315D00515ADE /* CoreGraphics.framework */,
				244052721390315D00515ADE /* CoreData.framework */,
			);
			name = Frameworks;
			sourceTree = "<group>";
		};
		244052741390315D00515ADE /* DCTFetchedResultsSearchControllerDemo */ = {
			isa = PBXGroup;
			children = (
				2440527D1390315D00515ADE /* DCTFetchedResultsSearchControllerAppDelegate.h */,
				2440527E1390315D00515ADE /* DCTFetchedResultsSearchControllerAppDelegate.m */,
				244052801390315D00515ADE /* MainWindow.xib */,
				244052751390315D00515ADE /* Supporting Files */,
				24D7048C1391363E008781F6 /* DCTFetchedResultsSearchControllerTestViewController.h */,
				24D7048D1391363E008781F6 /* DCTFetchedResultsSearchControllerTestViewController.m */,
				24D7048E1391363E008781F6 /* DCTFetchedResultsSearchControllerTestViewController.xib */,
			);
			path = DCTFetchedResultsSearchControllerDemo;
			sourceTree = "<group>";
		};
		244052751390315D00515ADE /* Supporting Files */ = {
			isa = PBXGroup;
			children = (
				244052761390315D00515ADE /* DCTFetchedResultsSearchController-Info.plist */,
				244052771390315D00515ADE /* InfoPlist.strings */,
				2440527A1390315D00515ADE /* DCTFetchedResultsSearchController-Prefix.pch */,
				2440527B1390315D00515ADE /* main.m */,
			);
			name = "Supporting Files";
			sourceTree = "<group>";
		};
		2480DA8213904EEC00DEE726 /* SampleCoreData */ = {
			isa = PBXGroup;
			children = (
				2480DAAA13904EEC00DEE726 /* Address.h */,
				2480DAAB13904EEC00DEE726 /* Address.m */,
				2480DAAC13904EEC00DEE726 /* Person.h */,
				2480DAAD13904EEC00DEE726 /* Person.m */,
				2480DAAE13904EEC00DEE726 /* SampleCoreData.sqlite */,
				2480DAAF13904EEC00DEE726 /* SampleCoreData.xcdatamodeld */,
			);
			path = SampleCoreData;
			sourceTree = "<group>";
		};
		24E53B1F1467EA600029489E /* DCTFetchedResultsSearchController */ = {
			isa = PBXGroup;
			children = (
				24E53B201467EA600029489E /* DCTFetchedResultsSearchController.h */,
				24E53B211467EA600029489E /* DCTFetchedResultsSearchController.m */,
				24E53B221467EA600029489E /* Readme.textile */,
			);
			path = DCTFetchedResultsSearchController;
			sourceTree = "<group>";
		};
		24E53B251467EB070029489E /* FRCTableViewDataSources */ = {
			isa = PBXGroup;
			children = (
				24E53B261467EB070029489E /* FRCCollapsableSectionTableViewDataSource.h */,
				24E53B271467EB070029489E /* FRCCollapsableSectionTableViewDataSource.m */,
				24E53B281467EB070029489E /* FRCFetchedResultsTableViewDataSource.h */,
				24E53B291467EB070029489E /* FRCFetchedResultsTableViewDataSource.m */,
				24E53B2A1467EB070029489E /* FRCObjectTableViewDataSource.h */,
				24E53B2B1467EB070029489E /* FRCObjectTableViewDataSource.m */,
				24E53B2C1467EB070029489E /* FRCParentTableViewDataSource.h */,
				24E53B2D1467EB070029489E /* FRCParentTableViewDataSource.m */,
				24E53B2E1467EB070029489E /* FRCSplitTableViewDataSource.h */,
				24E53B2F1467EB070029489E /* FRCSplitTableViewDataSource.m */,
				24E53B301467EB070029489E /* FRCTableViewCell.h */,
				24E53B311467EB070029489E /* FRCTableViewCell.m */,
				24E53B321467EB070029489E /* FRCTableViewDataSource.h */,
				24E53B331467EB070029489E /* FRCTableViewDataSource.m */,
				24E53B341467EB070029489E /* Images */,
				24E53B391467EB070029489E /* Readme.textile */,
				24E53B3A1467EB070029489E /* UITableView+FRCTableViewDataSources.h */,
				24E53B3B1467EB070029489E /* UITableView+FRCTableViewDataSources.m */,
			);
			path = FRCTableViewDataSources;
			sourceTree = "<group>";
		};
		24E53B341467EB070029489E /* Images */ = {
			isa = PBXGroup;
			children = (
				24E53B351467EB070029489E /* FRCCollapsableSectionTableViewDataSourceDisclosureIndicator.png */,
				24E53B361467EB070029489E /* FRCCollapsableSectionTableViewDataSourceDisclosureIndicator@2x.png */,
				24E53B371467EB070029489E /* FRCCollapsableSectionTableViewDataSourceDisclosureIndicatorHighlighted.png */,
				24E53B381467EB070029489E /* FRCCollapsableSectionTableViewDataSourceDisclosureIndicatorHighlighted@2x.png */,
			);
			path = Images;
			sourceTree = "<group>";
		};
/* End PBXGroup section */

/* Begin PBXNativeTarget section */
		244052671390315D00515ADE /* DCTFetchedResultsSearchController */ = {
			isa = PBXNativeTarget;
			buildConfigurationList = 244052881390315D00515ADE /* Build configuration list for PBXNativeTarget "DCTFetchedResultsSearchController" */;
			buildPhases = (
				244052641390315D00515ADE /* Sources */,
				244052651390315D00515ADE /* Frameworks */,
				244052661390315D00515ADE /* Resources */,
			);
			buildRules = (
			);
			dependencies = (
			);
			name = DCTFetchedResultsSearchController;
			productName = DCTFetchedResultsSearchController;
			productReference = 244052681390315D00515ADE /* DCTFetchedResultsSearchController.app */;
			productType = "com.apple.product-type.application";
		};
/* End PBXNativeTarget section */

/* Begin PBXProject section */
		2440525F1390315D00515ADE /* Project object */ = {
			isa = PBXProject;
			attributes = {
				LastUpgradeCheck = 0420;
				ORGANIZATIONNAME = "Daniel Tull";
			};
			buildConfigurationList = 244052621390315D00515ADE /* Build configuration list for PBXProject "DCTFetchedResultsSearchController" */;
			compatibilityVersion = "Xcode 3.2";
			developmentRegion = English;
			hasScannedForEncodings = 0;
			knownRegions = (
				en,
			);
			mainGroup = 2440525D1390315D00515ADE;
			productRefGroup = 244052691390315D00515ADE /* Products */;
			projectDirPath = "";
			projectRoot = "";
			targets = (
				244052671390315D00515ADE /* DCTFetchedResultsSearchController */,
			);
		};
/* End PBXProject section */

/* Begin PBXResourcesBuildPhase section */
		244052661390315D00515ADE /* Resources */ = {
			isa = PBXResourcesBuildPhase;
			buildActionMask = 2147483647;
			files = (
				244052791390315D00515ADE /* InfoPlist.strings in Resources */,
				244052821390315D00515ADE /* MainWindow.xib in Resources */,
				2480DACB13904EEC00DEE726 /* SampleCoreData.sqlite in Resources */,
				24D704901391363E008781F6 /* DCTFetchedResultsSearchControllerTestViewController.xib in Resources */,
				24E53B431467EB070029489E /* FRCCollapsableSectionTableViewDataSourceDisclosureIndicator.png in Resources */,
				24E53B441467EB070029489E /* FRCCollapsableSectionTableViewDataSourceDisclosureIndicator@2x.png in Resources */,
				24E53B451467EB070029489E /* FRCCollapsableSectionTableViewDataSourceDisclosureIndicatorHighlighted.png in Resources */,
				24E53B461467EB070029489E /* FRCCollapsableSectionTableViewDataSourceDisclosureIndicatorHighlighted@2x.png in Resources */,
			);
			runOnlyForDeploymentPostprocessing = 0;
		};
/* End PBXResourcesBuildPhase section */

/* Begin PBXSourcesBuildPhase section */
		244052641390315D00515ADE /* Sources */ = {
			isa = PBXSourcesBuildPhase;
			buildActionMask = 2147483647;
			files = (
				2440527C1390315D00515ADE /* main.m in Sources */,
				2440527F1390315D00515ADE /* DCTFetchedResultsSearchControllerAppDelegate.m in Sources */,
				2480DAC913904EEC00DEE726 /* Address.m in Sources */,
				2480DACA13904EEC00DEE726 /* Person.m in Sources */,
				2480DACC13904EEC00DEE726 /* SampleCoreData.xcdatamodeld in Sources */,
				24D7048F1391363E008781F6 /* DCTFetchedResultsSearchControllerTestViewController.m in Sources */,
				24E53B231467EA600029489E /* DCTFetchedResultsSearchController.m in Sources */,
				24E53B3C1467EB070029489E /* FRCCollapsableSectionTableViewDataSource.m in Sources */,
				24E53B3D1467EB070029489E /* FRCFetchedResultsTableViewDataSource.m in Sources */,
				24E53B3E1467EB070029489E /* FRCObjectTableViewDataSource.m in Sources */,
				24E53B3F1467EB070029489E /* FRCParentTableViewDataSource.m in Sources */,
				24E53B401467EB070029489E /* FRCSplitTableViewDataSource.m in Sources */,
				24E53B411467EB070029489E /* FRCTableViewCell.m in Sources */,
				24E53B421467EB070029489E /* FRCTableViewDataSource.m in Sources */,
				24E53B481467EB070029489E /* UITableView+FRCTableViewDataSources.m in Sources */,
			);
			runOnlyForDeploymentPostprocessing = 0;
		};
/* End PBXSourcesBuildPhase section */

/* Begin PBXVariantGroup section */
		244052771390315D00515ADE /* InfoPlist.strings */ = {
			isa = PBXVariantGroup;
			children = (
				244052781390315D00515ADE /* en */,
			);
			name = InfoPlist.strings;
			sourceTree = "<group>";
		};
		244052801390315D00515ADE /* MainWindow.xib */ = {
			isa = PBXVariantGroup;
			children = (
				244052811390315D00515ADE /* en */,
			);
			name = MainWindow.xib;
			sourceTree = "<group>";
		};
/* End PBXVariantGroup section */

/* Begin XCBuildConfiguration section */
		244052861390315D00515ADE /* Debug */ = {
			isa = XCBuildConfiguration;
			buildSettings = {
				ARCHS = "$(ARCHS_STANDARD_32_BIT)";
				"CODE_SIGN_IDENTITY[sdk=iphoneos*]" = "iPhone Developer";
				GCC_C_LANGUAGE_STANDARD = gnu99;
				GCC_OPTIMIZATION_LEVEL = 0;
				GCC_PREPROCESSOR_DEFINITIONS = DEBUG;
				GCC_SYMBOLS_PRIVATE_EXTERN = NO;
				GCC_VERSION = com.apple.compilers.llvm.clang.1_0;
				GCC_WARN_ABOUT_MISSING_PROTOTYPES = YES;
				GCC_WARN_ABOUT_RETURN_TYPE = YES;
				GCC_WARN_UNUSED_VARIABLE = YES;
				IPHONEOS_DEPLOYMENT_TARGET = 4.3;
				SDKROOT = iphoneos;
			};
			name = Debug;
		};
		244052871390315D00515ADE /* Release */ = {
			isa = XCBuildConfiguration;
			buildSettings = {
				ARCHS = "$(ARCHS_STANDARD_32_BIT)";
				"CODE_SIGN_IDENTITY[sdk=iphoneos*]" = "iPhone Developer";
				GCC_C_LANGUAGE_STANDARD = gnu99;
				GCC_VERSION = com.apple.compilers.llvm.clang.1_0;
				GCC_WARN_ABOUT_MISSING_PROTOTYPES = YES;
				GCC_WARN_ABOUT_RETURN_TYPE = YES;
				GCC_WARN_UNUSED_VARIABLE = YES;
				IPHONEOS_DEPLOYMENT_TARGET = 4.3;
				OTHER_CFLAGS = "-DNS_BLOCK_ASSERTIONS=1";
				SDKROOT = iphoneos;
			};
			name = Release;
		};
		244052891390315D00515ADE /* Debug */ = {
			isa = XCBuildConfiguration;
			buildSettings = {
				ALWAYS_SEARCH_USER_PATHS = NO;
				CLANG_ENABLE_OBJC_ARC = YES;
				COPY_PHASE_STRIP = NO;
				GCC_DYNAMIC_NO_PIC = NO;
				GCC_PRECOMPILE_PREFIX_HEADER = YES;
				GCC_PREFIX_HEADER = "DCTFetchedResultsSearchControllerDemo/DCTFetchedResultsSearchController-Prefix.pch";
				INFOPLIST_FILE = "DCTFetchedResultsSearchControllerDemo/DCTFetchedResultsSearchController-Info.plist";
				IPHONEOS_DEPLOYMENT_TARGET = 5.0;
				PRODUCT_NAME = "$(TARGET_NAME)";
				WRAPPER_EXTENSION = app;
			};
			name = Debug;
		};
		2440528A1390315D00515ADE /* Release */ = {
			isa = XCBuildConfiguration;
			buildSettings = {
				ALWAYS_SEARCH_USER_PATHS = NO;
				CLANG_ENABLE_OBJC_ARC = YES;
				COPY_PHASE_STRIP = YES;
				GCC_PRECOMPILE_PREFIX_HEADER = YES;
				GCC_PREFIX_HEADER = "DCTFetchedResultsSearchControllerDemo/DCTFetchedResultsSearchController-Prefix.pch";
				INFOPLIST_FILE = "DCTFetchedResultsSearchControllerDemo/DCTFetchedResultsSearchController-Info.plist";
				IPHONEOS_DEPLOYMENT_TARGET = 5.0;
				PRODUCT_NAME = "$(TARGET_NAME)";
				VALIDATE_PRODUCT = YES;
				WRAPPER_EXTENSION = app;
			};
			name = Release;
		};
/* End XCBuildConfiguration section */

/* Begin XCConfigurationList section */
		244052621390315D00515ADE /* Build configuration list for PBXProject "DCTFetchedResultsSearchController" */ = {
			isa = XCConfigurationList;
			buildConfigurations = (
				244052861390315D00515ADE /* Debug */,
				244052871390315D00515ADE /* Release */,
			);
			defaultConfigurationIsVisible = 0;
			defaultConfigurationName = Release;
		};
		244052881390315D00515ADE /* Build configuration list for PBXNativeTarget "DCTFetchedResultsSearchController" */ = {
			isa = XCConfigurationList;
			buildConfigurations = (
				244052891390315D00515ADE /* Debug */,
				2440528A1390315D00515ADE /* Release */,
			);
			defaultConfigurationIsVisible = 0;
			defaultConfigurationName = Release;
		};
/* End XCConfigurationList section */

/* Begin XCVersionGroup section */
		2480DAAF13904EEC00DEE726 /* SampleCoreData.xcdatamodeld */ = {
			isa = XCVersionGroup;
			children = (
				2480DAB013904EEC00DEE726 /* SampleCoreData.xcdatamodel */,
			);
			currentVersion = 2480DAB013904EEC00DEE726 /* SampleCoreData.xcdatamodel */;
			path = SampleCoreData.xcdatamodeld;
			sourceTree = "<group>";
			versionGroupType = wrapper.xcdatamodel;
		};
/* End XCVersionGroup section */
	};
	rootObject = 2440525F1390315D00515ADE /* Project object */;
}
