// !$*UTF8*$!
{
	archiveVersion = 1;
	classes = {
	};
	objectVersion = 46;
	objects = {

/* Begin PBXBuildFile section */
		2440526D1390315D00515ADE /* UIKit.framework in Frameworks */ = {isa = PBXBuildFile; fileRef = 2440526C1390315D00515ADE /* UIKit.framework */; };
		2440526F1390315D00515ADE /* Foundation.framework in Frameworks */ = {isa = PBXBuildFile; fileRef = 2440526E1390315D00515ADE /* Foundation.framework */; };
		244052711390315D00515ADE /* CoreGraphics.framework in Frameworks */ = {isa = PBXBuildFile; fileRef = 244052701390315D00515ADE /* CoreGraphics.framework */; };
		244052731390315D00515ADE /* CoreData.framework in Frameworks */ = {isa = PBXBuildFile; fileRef = 244052721390315D00515ADE /* CoreData.framework */; };
		244052791390315D00515ADE /* InfoPlist.strings in Resources */ = {isa = PBXBuildFile; fileRef = 244052771390315D00515ADE /* InfoPlist.strings */; };
		2440527C1390315D00515ADE /* main.m in Sources */ = {isa = PBXBuildFile; fileRef = 2440527B1390315D00515ADE /* main.m */; };
		2440527F1390315D00515ADE /* DCTFetchedResultsSearchControllerAppDelegate.m in Sources */ = {isa = PBXBuildFile; fileRef = 2440527E1390315D00515ADE /* DCTFetchedResultsSearchControllerAppDelegate.m */; };
		244052821390315D00515ADE /* MainWindow.xib in Resources */ = {isa = PBXBuildFile; fileRef = 244052801390315D00515ADE /* MainWindow.xib */; };
		244052851390315D00515ADE /* DCTFetchedResultsSearchController.xcdatamodeld in Sources */ = {isa = PBXBuildFile; fileRef = 244052831390315D00515ADE /* DCTFetchedResultsSearchController.xcdatamodeld */; };
/* End PBXBuildFile section */

/* Begin PBXFileReference section */
		244052681390315D00515ADE /* DCTFetchedResultsSearchController.app */ = {isa = PBXFileReference; explicitFileType = wrapper.application; includeInIndex = 0; path = DCTFetchedResultsSearchController.app; sourceTree = BUILT_PRODUCTS_DIR; };
		2440526C1390315D00515ADE /* UIKit.framework */ = {isa = PBXFileReference; lastKnownFileType = wrapper.framework; name = UIKit.framework; path = System/Library/Frameworks/UIKit.framework; sourceTree = SDKROOT; };
		2440526E1390315D00515ADE /* Foundation.framework */ = {isa = PBXFileReference; lastKnownFileType = wrapper.framework; name = Foundation.framework; path = System/Library/Frameworks/Foundation.framework; sourceTree = SDKROOT; };
		244052701390315D00515ADE /* CoreGraphics.framework */ = {isa = PBXFileReference; lastKnownFileType = wrapper.framework; name = CoreGraphics.framework; path = System/Library/Frameworks/CoreGraphics.framework; sourceTree = SDKROOT; };
		244052721390315D00515ADE /* CoreData.framework */ = {isa = PBXFileReference; lastKnownFileType = wrapper.framework; name = CoreData.framework; path = System/Library/Frameworks/CoreData.framework; sourceTree = SDKROOT; };
		244052761390315D00515ADE /* DCTFetchedResultsSearchController-Info.plist */ = {isa = PBXFileReference; lastKnownFileType = text.plist.xml; path = "DCTFetchedResultsSearchController-Info.plist"; sourceTree = "<group>"; };
		244052781390315D00515ADE /* en */ = {isa = PBXFileReference; lastKnownFileType = text.plist.strings; name = en; path = en.lproj/InfoPlist.strings; sourceTree = "<group>"; };
		2440527A1390315D00515ADE /* DCTFetchedResultsSearchController-Prefix.pch */ = {isa = PBXFileReference; lastKnownFileType = sourcecode.c.h; path = "DCTFetchedResultsSearchController-Prefix.pch"; sourceTree = "<group>"; };
		2440527B1390315D00515ADE /* main.m */ = {isa = PBXFileReference; lastKnownFileType = sourcecode.c.objc; path = main.m; sourceTree = "<group>"; };
		2440527D1390315D00515ADE /* DCTFetchedResultsSearchControllerAppDelegate.h */ = {isa = PBXFileReference; lastKnownFileType = sourcecode.c.h; path = DCTFetchedResultsSearchControllerAppDelegate.h; sourceTree = "<group>"; };
		2440527E1390315D00515ADE /* DCTFetchedResultsSearchControllerAppDelegate.m */ = {isa = PBXFileReference; lastKnownFileType = sourcecode.c.objc; path = DCTFetchedResultsSearchControllerAppDelegate.m; sourceTree = "<group>"; };
		244052811390315D00515ADE /* en */ = {isa = PBXFileReference; lastKnownFileType = file.xib; name = en; path = en.lproj/MainWindow.xib; sourceTree = "<group>"; };
		244052841390315D00515ADE /* DCTFetchedResultsSearchController.xcdatamodel */ = {isa = PBXFileReference; lastKnownFileType = wrapper.xcdatamodel; path = DCTFetchedResultsSearchController.xcdatamodel; sourceTree = "<group>"; };
/* End PBXFileReference section */

/* Begin PBXFrameworksBuildPhase section */
		244052651390315D00515ADE /* Frameworks */ = {
			isa = PBXFrameworksBuildPhase;
			buildActionMask = 2147483647;
			files = (
				2440526D1390315D00515ADE /* UIKit.framework in Frameworks */,
				2440526F1390315D00515ADE /* Foundation.framework in Frameworks */,
				244052711390315D00515ADE /* CoreGraphics.framework in Frameworks */,
				244052731390315D00515ADE /* CoreData.framework in Frameworks */,
			);
			runOnlyForDeploymentPostprocessing = 0;
		};
/* End PBXFrameworksBuildPhase section */

/* Begin PBXGroup section */
		2440525D1390315D00515ADE = {
			isa = PBXGroup;
			children = (
				244052741390315D00515ADE /* DCTFetchedResultsSearchController */,
				2440526B1390315D00515ADE /* Frameworks */,
				244052691390315D00515ADE /* Products */,
			);
			sourceTree = "<group>";
		};
		244052691390315D00515ADE /* Products */ = {
			isa = PBXGroup;
			children = (
				244052681390315D00515ADE /* DCTFetchedResultsSearchController.app */,
			);
			name = Products;
			sourceTree = "<group>";
		};
		2440526B1390315D00515ADE /* Frameworks */ = {
			isa = PBXGroup;
			children = (
				2440526C1390315D00515ADE /* UIKit.framework */,
				2440526E1390315D00515ADE /* Foundation.framework */,
				244052701390315D00515ADE /* CoreGraphics.framework */,
				244052721390315D00515ADE /* CoreData.framework */,
			);
			name = Frameworks;
			sourceTree = "<group>";
		};
		244052741390315D00515ADE /* DCTFetchedResultsSearchController */ = {
			isa = PBXGroup;
			children = (
				2440527D1390315D00515ADE /* DCTFetchedResultsSearchControllerAppDelegate.h */,
				2440527E1390315D00515ADE /* DCTFetchedResultsSearchControllerAppDelegate.m */,
				244052801390315D00515ADE /* MainWindow.xib */,
				244052831390315D00515ADE /* DCTFetchedResultsSearchController.xcdatamodeld */,
				244052751390315D00515ADE /* Supporting Files */,
			);
			path = DCTFetchedResultsSearchController;
			sourceTree = "<group>";
		};
		244052751390315D00515ADE /* Supporting Files */ = {
			isa = PBXGroup;
			children = (
				244052761390315D00515ADE /* DCTFetchedResultsSearchController-Info.plist */,
				244052771390315D00515ADE /* InfoPlist.strings */,
				2440527A1390315D00515ADE /* DCTFetchedResultsSearchController-Prefix.pch */,
				2440527B1390315D00515ADE /* main.m */,
			);
			name = "Supporting Files";
			sourceTree = "<group>";
		};
/* End PBXGroup section */

/* Begin PBXNativeTarget section */
		244052671390315D00515ADE /* DCTFetchedResultsSearchController */ = {
			isa = PBXNativeTarget;
			buildConfigurationList = 244052881390315D00515ADE /* Build configuration list for PBXNativeTarget "DCTFetchedResultsSearchController" */;
			buildPhases = (
				244052641390315D00515ADE /* Sources */,
				244052651390315D00515ADE /* Frameworks */,
				244052661390315D00515ADE /* Resources */,
			);
			buildRules = (
			);
			dependencies = (
			);
			name = DCTFetchedResultsSearchController;
			productName = DCTFetchedResultsSearchController;
			productReference = 244052681390315D00515ADE /* DCTFetchedResultsSearchController.app */;
			productType = "com.apple.product-type.application";
		};
/* End PBXNativeTarget section */

/* Begin PBXProject section */
		2440525F1390315D00515ADE /* Project object */ = {
			isa = PBXProject;
			attributes = {
				ORGANIZATIONNAME = "Daniel Tull";
			};
			buildConfigurationList = 244052621390315D00515ADE /* Build configuration list for PBXProject "DCTFetchedResultsSearchController" */;
			compatibilityVersion = "Xcode 3.2";
			developmentRegion = English;
			hasScannedForEncodings = 0;
			knownRegions = (
				en,
			);
			mainGroup = 2440525D1390315D00515ADE;
			productRefGroup = 244052691390315D00515ADE /* Products */;
			projectDirPath = "";
			projectRoot = "";
			targets = (
				244052671390315D00515ADE /* DCTFetchedResultsSearchController */,
			);
		};
/* End PBXProject section */

/* Begin PBXResourcesBuildPhase section */
		244052661390315D00515ADE /* Resources */ = {
			isa = PBXResourcesBuildPhase;
			buildActionMask = 2147483647;
			files = (
				244052791390315D00515ADE /* InfoPlist.strings in Resources */,
				244052821390315D00515ADE /* MainWindow.xib in Resources */,
			);
			runOnlyForDeploymentPostprocessing = 0;
		};
/* End PBXResourcesBuildPhase section */

/* Begin PBXSourcesBuildPhase section */
		244052641390315D00515ADE /* Sources */ = {
			isa = PBXSourcesBuildPhase;
			buildActionMask = 2147483647;
			files = (
				2440527C1390315D00515ADE /* main.m in Sources */,
				2440527F1390315D00515ADE /* DCTFetchedResultsSearchControllerAppDelegate.m in Sources */,
				244052851390315D00515ADE /* DCTFetchedResultsSearchController.xcdatamodeld in Sources */,
			);
			runOnlyForDeploymentPostprocessing = 0;
		};
/* End PBXSourcesBuildPhase section */

/* Begin PBXVariantGroup section */
		244052771390315D00515ADE /* InfoPlist.strings */ = {
			isa = PBXVariantGroup;
			children = (
				244052781390315D00515ADE /* en */,
			);
			name = InfoPlist.strings;
			sourceTree = "<group>";
		};
		244052801390315D00515ADE /* MainWindow.xib */ = {
			isa = PBXVariantGroup;
			children = (
				244052811390315D00515ADE /* en */,
			);
			name = MainWindow.xib;
			sourceTree = "<group>";
		};
/* End PBXVariantGroup section */

/* Begin XCBuildConfiguration section */
		244052861390315D00515ADE /* Debug */ = {
			isa = XCBuildConfiguration;
			buildSettings = {
				ARCHS = "$(ARCHS_STANDARD_32_BIT)";
				"CODE_SIGN_IDENTITY[sdk=iphoneos*]" = "iPhone Developer";
				GCC_C_LANGUAGE_STANDARD = gnu99;
				GCC_OPTIMIZATION_LEVEL = 0;
				GCC_PREPROCESSOR_DEFINITIONS = DEBUG;
				GCC_SYMBOLS_PRIVATE_EXTERN = NO;
				GCC_VERSION = com.apple.compilers.llvmgcc42;
				GCC_WARN_ABOUT_RETURN_TYPE = YES;
				GCC_WARN_UNUSED_VARIABLE = YES;
				IPHONEOS_DEPLOYMENT_TARGET = 4.3;
				SDKROOT = iphoneos;
			};
			name = Debug;
		};
		244052871390315D00515ADE /* Release */ = {
			isa = XCBuildConfiguration;
			buildSettings = {
				ARCHS = "$(ARCHS_STANDARD_32_BIT)";
				"CODE_SIGN_IDENTITY[sdk=iphoneos*]" = "iPhone Developer";
				GCC_C_LANGUAGE_STANDARD = gnu99;
				GCC_VERSION = com.apple.compilers.llvmgcc42;
				GCC_WARN_ABOUT_RETURN_TYPE = YES;
				GCC_WARN_UNUSED_VARIABLE = YES;
				IPHONEOS_DEPLOYMENT_TARGET = 4.3;
				OTHER_CFLAGS = "-DNS_BLOCK_ASSERTIONS=1";
				SDKROOT = iphoneos;
			};
			name = Release;
		};
		244052891390315D00515ADE /* Debug */ = {
			isa = XCBuildConfiguration;
			buildSettings = {
				ALWAYS_SEARCH_USER_PATHS = NO;
				COPY_PHASE_STRIP = NO;
				GCC_DYNAMIC_NO_PIC = NO;
				GCC_PRECOMPILE_PREFIX_HEADER = YES;
				GCC_PREFIX_HEADER = "DCTFetchedResultsSearchController/DCTFetchedResultsSearchController-Prefix.pch";
				INFOPLIST_FILE = "DCTFetchedResultsSearchController/DCTFetchedResultsSearchController-Info.plist";
				PRODUCT_NAME = "$(TARGET_NAME)";
				WRAPPER_EXTENSION = app;
			};
			name = Debug;
		};
		2440528A1390315D00515ADE /* Release */ = {
			isa = XCBuildConfiguration;
			buildSettings = {
				ALWAYS_SEARCH_USER_PATHS = NO;
				COPY_PHASE_STRIP = YES;
				GCC_PRECOMPILE_PREFIX_HEADER = YES;
				GCC_PREFIX_HEADER = "DCTFetchedResultsSearchController/DCTFetchedResultsSearchController-Prefix.pch";
				INFOPLIST_FILE = "DCTFetchedResultsSearchController/DCTFetchedResultsSearchController-Info.plist";
				PRODUCT_NAME = "$(TARGET_NAME)";
				VALIDATE_PRODUCT = YES;
				WRAPPER_EXTENSION = app;
			};
			name = Release;
		};
/* End XCBuildConfiguration section */

/* Begin XCConfigurationList section */
		244052621390315D00515ADE /* Build configuration list for PBXProject "DCTFetchedResultsSearchController" */ = {
			isa = XCConfigurationList;
			buildConfigurations = (
				244052861390315D00515ADE /* Debug */,
				244052871390315D00515ADE /* Release */,
			);
			defaultConfigurationIsVisible = 0;
			defaultConfigurationName = Release;
		};
		244052881390315D00515ADE /* Build configuration list for PBXNativeTarget "DCTFetchedResultsSearchController" */ = {
			isa = XCConfigurationList;
			buildConfigurations = (
				244052891390315D00515ADE /* Debug */,
				2440528A1390315D00515ADE /* Release */,
			);
			defaultConfigurationIsVisible = 0;
		};
/* End XCConfigurationList section */

/* Begin XCVersionGroup section */
		244052831390315D00515ADE /* DCTFetchedResultsSearchController.xcdatamodeld */ = {
			isa = XCVersionGroup;
			children = (
				244052841390315D00515ADE /* DCTFetchedResultsSearchController.xcdatamodel */,
			);
			currentVersion = 244052841390315D00515ADE /* DCTFetchedResultsSearchController.xcdatamodel */;
			path = DCTFetchedResultsSearchController.xcdatamodeld;
			sourceTree = "<group>";
			versionGroupType = wrapper.xcdatamodel;
		};
/* End XCVersionGroup section */
	};
	rootObject = 2440525F1390315D00515ADE /* Project object */;
}
